
Microsoft Visual Studio Solution File, Format Version 12.00
# Visual Studio Version 17
VisualStudioVersion = 17.8.34316.72
MinimumVisualStudioVersion = 10.0.40219.1
Project("{FAE04EC0-301F-11D3-BF4B-00C04F79EFBC}") = "MaslovaT_task1_practice2024", "MaslovaT_task1_practice2024.csproj", "{7BA8624C-34F1-47F9-A40F-F452E94AB1B2}"
EndProject
Global
	GlobalSection(SolutionConfigurationPlatforms) = preSolution
		Debug|Any CPU = Debug|Any CPU
		Release|Any CPU = Release|Any CPU
	EndGlobalSection
	GlobalSection(ProjectConfigurationPlatforms) = postSolution
		{7BA8624C-34F1-47F9-A40F-F452E94AB1B2}.Debug|Any CPU.ActiveCfg = Debug|Any CPU
		{7BA8624C-34F1-47F9-A40F-F452E94AB1B2}.Debug|Any CPU.Build.0 = Debug|Any CPU
		{7BA8624C-34F1-47F9-A40F-F452E94AB1B2}.Release|Any CPU.ActiveCfg = Release|Any CPU
		{7BA8624C-34F1-47F9-A40F-F452E94AB1B2}.Release|Any CPU.Build.0 = Release|Any CPU
	EndGlobalSection
	GlobalSection(SolutionProperties) = preSolution
		HideSolutionNode = FALSE
	EndGlobalSection
	GlobalSection(ExtensibilityGlobals) = postSolution
		SolutionGuid = {51600C09-5F1D-431B-B637-28C78CA910CC}
	EndGlobalSection
EndGlobal
